
Microsoft Visual Studio Solution File, Format Version 12.00
# Visual Studio Version 17
VisualStudioVersion = 17.13.35818.85 d17.13
MinimumVisualStudioVersion = 10.0.40219.1
Project("{FAE04EC0-301F-11D3-BF4B-00C04F79EFBC}") = "PublishApp", "PublishApp.csproj", "{CEC131BF-C492-47AD-8F7C-3B51E94BC74D}"
EndProject
Global
	GlobalSection(SolutionConfigurationPlatforms) = preSolution
		Debug|Any CPU = Debug|Any CPU
		Release|Any CPU = Release|Any CPU
	EndGlobalSection
	GlobalSection(ProjectConfigurationPlatforms) = postSolution
		{CEC131BF-C492-47AD-8F7C-3B51E94BC74D}.Debug|Any CPU.ActiveCfg = Debug|Any CPU
		{CEC131BF-C492-47AD-8F7C-3B51E94BC74D}.Debug|Any CPU.Build.0 = Debug|Any CPU
		{CEC131BF-C492-47AD-8F7C-3B51E94BC74D}.Release|Any CPU.ActiveCfg = Release|Any CPU
		{CEC131BF-C492-47AD-8F7C-3B51E94BC74D}.Release|Any CPU.Build.0 = Release|Any CPU
	EndGlobalSection
	GlobalSection(SolutionProperties) = preSolution
		HideSolutionNode = FALSE
	EndGlobalSection
	GlobalSection(ExtensibilityGlobals) = postSolution
		SolutionGuid = {8D62CCCB-ED20-40AE-AE66-7BDC44E6F737}
	EndGlobalSection
EndGlobal
